// !$*UTF8*$!
{
	archiveVersion = 1;
	classes = {
	};
	objectVersion = 55;
	objects = {

/* Begin PBXBuildFile section */
		0410EB9C29E00DAA0092B543 /* AssetDetailViewController.swift in Sources */ = {isa = PBXBuildFile; fileRef = 0410EB9B29E00DAA0092B543 /* AssetDetailViewController.swift */; };
		0410EB9E29E010140092B543 /* AssetDetailViewModel.swift in Sources */ = {isa = PBXBuildFile; fileRef = 0410EB9D29E010140092B543 /* AssetDetailViewModel.swift */; };
		0410EBA329E015DF0092B543 /* SafariViewController.swift in Sources */ = {isa = PBXBuildFile; fileRef = 0410EBA229E015DF0092B543 /* SafariViewController.swift */; };
		0410EBA629E2B21D0092B543 /* AssetCollectionCoordinator.swift in Sources */ = {isa = PBXBuildFile; fileRef = 0410EBA529E2B21D0092B543 /* AssetCollectionCoordinator.swift */; };
		0410EBA829E2B7C00092B543 /* RootCoordinator.swift in Sources */ = {isa = PBXBuildFile; fileRef = 0410EBA729E2B7C00092B543 /* RootCoordinator.swift */; };
		0410EBAA29E2BD820092B543 /* AssetDetailCoordinator.swift in Sources */ = {isa = PBXBuildFile; fileRef = 0410EBA929E2BD820092B543 /* AssetDetailCoordinator.swift */; };
		041EEF8329DFDEDE0001FD35 /* AssetCollectionsInteractor.swift in Sources */ = {isa = PBXBuildFile; fileRef = 041EEF8229DFDEDE0001FD35 /* AssetCollectionsInteractor.swift */; };
		041EEF8729DFE26A0001FD35 /* AssetCollectionsViewModel.swift in Sources */ = {isa = PBXBuildFile; fileRef = 041EEF8629DFE26A0001FD35 /* AssetCollectionsViewModel.swift */; };
		047D168D29DEDAA5000F92E7 /* NetworkService.swift in Sources */ = {isa = PBXBuildFile; fileRef = 047D168C29DEDAA5000F92E7 /* NetworkService.swift */; };
		047D169129DEDD9E000F92E7 /* AssetCollectionsRequest.swift in Sources */ = {isa = PBXBuildFile; fileRef = 047D169029DEDD9E000F92E7 /* AssetCollectionsRequest.swift */; };
		047D169729DF10D5000F92E7 /* ServiceError.swift in Sources */ = {isa = PBXBuildFile; fileRef = 047D169629DF10D5000F92E7 /* ServiceError.swift */; };
		047D169A29DFD077000F92E7 /* AssetCollectionsEntity.swift in Sources */ = {isa = PBXBuildFile; fileRef = 047D169929DFD077000F92E7 /* AssetCollectionsEntity.swift */; };
		047D169E29DFDA21000F92E7 /* AssetCollectionsModel.swift in Sources */ = {isa = PBXBuildFile; fileRef = 047D169D29DFDA21000F92E7 /* AssetCollectionsModel.swift */; };
		047D16A229DFDB77000F92E7 /* ExtensionWrapper.swift in Sources */ = {isa = PBXBuildFile; fileRef = 047D16A129DFDB77000F92E7 /* ExtensionWrapper.swift */; };
		047D16A429DFDC1B000F92E7 /* AssetCollections+ExtensionWrapper.swift in Sources */ = {isa = PBXBuildFile; fileRef = 047D16A329DFDC1B000F92E7 /* AssetCollections+ExtensionWrapper.swift */; };
		047D16A629DFDDA6000F92E7 /* AssetCollectionsInteractorSpec.swift in Sources */ = {isa = PBXBuildFile; fileRef = 047D16A529DFDDA6000F92E7 /* AssetCollectionsInteractorSpec.swift */; };
		0483A38129DC327100F28A14 /* AppDelegate.swift in Sources */ = {isa = PBXBuildFile; fileRef = 0483A38029DC327100F28A14 /* AppDelegate.swift */; };
		0483A38329DC327100F28A14 /* SceneDelegate.swift in Sources */ = {isa = PBXBuildFile; fileRef = 0483A38229DC327100F28A14 /* SceneDelegate.swift */; };
		0483A38529DC327100F28A14 /* AssetCollectionsViewController.swift in Sources */ = {isa = PBXBuildFile; fileRef = 0483A38429DC327100F28A14 /* AssetCollectionsViewController.swift */; };
		0483A38A29DC327100F28A14 /* Assets.xcassets in Resources */ = {isa = PBXBuildFile; fileRef = 0483A38929DC327100F28A14 /* Assets.xcassets */; };
		0483A38D29DC327100F28A14 /* LaunchScreen.storyboard in Resources */ = {isa = PBXBuildFile; fileRef = 0483A38B29DC327100F28A14 /* LaunchScreen.storyboard */; };
		0483A39829DC327200F28A14 /* AssetCollectionsAppTests.swift in Sources */ = {isa = PBXBuildFile; fileRef = 0483A39729DC327200F28A14 /* AssetCollectionsAppTests.swift */; };
		0483A3A229DC327200F28A14 /* AssetCollectionsAppUITests.swift in Sources */ = {isa = PBXBuildFile; fileRef = 0483A3A129DC327200F28A14 /* AssetCollectionsAppUITests.swift */; };
		0483A3A429DC327200F28A14 /* AssetCollectionsAppUITestsLaunchTests.swift in Sources */ = {isa = PBXBuildFile; fileRef = 0483A3A329DC327200F28A14 /* AssetCollectionsAppUITestsLaunchTests.swift */; };
		0483A3B229DC359000F28A14 /* Alamofire in Frameworks */ = {isa = PBXBuildFile; productRef = 0483A3B129DC359000F28A14 /* Alamofire */; };
		0483A3B529DC37E000F28A14 /* Nuke in Frameworks */ = {isa = PBXBuildFile; productRef = 0483A3B429DC37E000F28A14 /* Nuke */; };
		0483A3BA29DE77C900F28A14 /* Moya in Frameworks */ = {isa = PBXBuildFile; productRef = 0483A3B929DE77C900F28A14 /* Moya */; };
		0483A3BD29DE788C00F28A14 /* NetworkRequest+Moya.swift in Sources */ = {isa = PBXBuildFile; fileRef = 0483A3BC29DE788B00F28A14 /* NetworkRequest+Moya.swift */; };
		0483A3C129DE79D200F28A14 /* NetworkCancellable.swift in Sources */ = {isa = PBXBuildFile; fileRef = 0483A3C029DE79D200F28A14 /* NetworkCancellable.swift */; };
		0483A3C329DE7E4700F28A14 /* DefaultNetworkService+Moya.swift in Sources */ = {isa = PBXBuildFile; fileRef = 0483A3C229DE7E4700F28A14 /* DefaultNetworkService+Moya.swift */; };
		0489A29A29DFEEDC0051E538 /* AssetCollectionCell.swift in Sources */ = {isa = PBXBuildFile; fileRef = 0489A29929DFEEDC0051E538 /* AssetCollectionCell.swift */; };
		0489A29D29DFEF5D0051E538 /* SnapKit in Frameworks */ = {isa = PBXBuildFile; productRef = 0489A29C29DFEF5D0051E538 /* SnapKit */; };
		0489A29F29DFF3320051E538 /* UIImageView+Nuke.swift in Sources */ = {isa = PBXBuildFile; fileRef = 0489A29E29DFF3320051E538 /* UIImageView+Nuke.swift */; };
		0489A2A729DFF9AF0051E538 /* NSObject+className.swift in Sources */ = {isa = PBXBuildFile; fileRef = 0489A2A629DFF9AF0051E538 /* NSObject+className.swift */; };
/* End PBXBuildFile section */

/* Begin PBXContainerItemProxy section */
		0483A39429DC327200F28A14 /* PBXContainerItemProxy */ = {
			isa = PBXContainerItemProxy;
			containerPortal = 0483A37529DC327100F28A14 /* Project object */;
			proxyType = 1;
			remoteGlobalIDString = 0483A37C29DC327100F28A14;
			remoteInfo = AssetCollectionsApp;
		};
		0483A39E29DC327200F28A14 /* PBXContainerItemProxy */ = {
			isa = PBXContainerItemProxy;
			containerPortal = 0483A37529DC327100F28A14 /* Project object */;
			proxyType = 1;
			remoteGlobalIDString = 0483A37C29DC327100F28A14;
			remoteInfo = AssetCollectionsApp;
		};
/* End PBXContainerItemProxy section */

/* Begin PBXFileReference section */
		0410EB9B29E00DAA0092B543 /* AssetDetailViewController.swift */ = {isa = PBXFileReference; lastKnownFileType = sourcecode.swift; path = AssetDetailViewController.swift; sourceTree = "<group>"; };
		0410EB9D29E010140092B543 /* AssetDetailViewModel.swift */ = {isa = PBXFileReference; lastKnownFileType = sourcecode.swift; path = AssetDetailViewModel.swift; sourceTree = "<group>"; };
		0410EBA229E015DF0092B543 /* SafariViewController.swift */ = {isa = PBXFileReference; lastKnownFileType = sourcecode.swift; path = SafariViewController.swift; sourceTree = "<group>"; };
		0410EBA529E2B21D0092B543 /* AssetCollectionCoordinator.swift */ = {isa = PBXFileReference; lastKnownFileType = sourcecode.swift; path = AssetCollectionCoordinator.swift; sourceTree = "<group>"; };
		0410EBA729E2B7C00092B543 /* RootCoordinator.swift */ = {isa = PBXFileReference; lastKnownFileType = sourcecode.swift; path = RootCoordinator.swift; sourceTree = "<group>"; };
		0410EBA929E2BD820092B543 /* AssetDetailCoordinator.swift */ = {isa = PBXFileReference; lastKnownFileType = sourcecode.swift; path = AssetDetailCoordinator.swift; sourceTree = "<group>"; };
		041EEF8229DFDEDE0001FD35 /* AssetCollectionsInteractor.swift */ = {isa = PBXFileReference; lastKnownFileType = sourcecode.swift; path = AssetCollectionsInteractor.swift; sourceTree = "<group>"; };
		041EEF8629DFE26A0001FD35 /* AssetCollectionsViewModel.swift */ = {isa = PBXFileReference; lastKnownFileType = sourcecode.swift; path = AssetCollectionsViewModel.swift; sourceTree = "<group>"; };
		047D168C29DEDAA5000F92E7 /* NetworkService.swift */ = {isa = PBXFileReference; lastKnownFileType = sourcecode.swift; path = NetworkService.swift; sourceTree = "<group>"; };
		047D169029DEDD9E000F92E7 /* AssetCollectionsRequest.swift */ = {isa = PBXFileReference; lastKnownFileType = sourcecode.swift; path = AssetCollectionsRequest.swift; sourceTree = "<group>"; };
		047D169629DF10D5000F92E7 /* ServiceError.swift */ = {isa = PBXFileReference; lastKnownFileType = sourcecode.swift; path = ServiceError.swift; sourceTree = "<group>"; };
		047D169929DFD077000F92E7 /* AssetCollectionsEntity.swift */ = {isa = PBXFileReference; lastKnownFileType = sourcecode.swift; path = AssetCollectionsEntity.swift; sourceTree = "<group>"; };
		047D169D29DFDA21000F92E7 /* AssetCollectionsModel.swift */ = {isa = PBXFileReference; lastKnownFileType = sourcecode.swift; path = AssetCollectionsModel.swift; sourceTree = "<group>"; };
		047D16A129DFDB77000F92E7 /* ExtensionWrapper.swift */ = {isa = PBXFileReference; lastKnownFileType = sourcecode.swift; path = ExtensionWrapper.swift; sourceTree = "<group>"; };
		047D16A329DFDC1B000F92E7 /* AssetCollections+ExtensionWrapper.swift */ = {isa = PBXFileReference; lastKnownFileType = sourcecode.swift; path = "AssetCollections+ExtensionWrapper.swift"; sourceTree = "<group>"; };
		047D16A529DFDDA6000F92E7 /* AssetCollectionsInteractorSpec.swift */ = {isa = PBXFileReference; fileEncoding = 4; lastKnownFileType = sourcecode.swift; path = AssetCollectionsInteractorSpec.swift; sourceTree = "<group>"; };
		0483A37D29DC327100F28A14 /* AssetCollectionsApp.app */ = {isa = PBXFileReference; explicitFileType = wrapper.application; includeInIndex = 0; path = AssetCollectionsApp.app; sourceTree = BUILT_PRODUCTS_DIR; };
		0483A38029DC327100F28A14 /* AppDelegate.swift */ = {isa = PBXFileReference; lastKnownFileType = sourcecode.swift; path = AppDelegate.swift; sourceTree = "<group>"; };
		0483A38229DC327100F28A14 /* SceneDelegate.swift */ = {isa = PBXFileReference; lastKnownFileType = sourcecode.swift; path = SceneDelegate.swift; sourceTree = "<group>"; };
		0483A38429DC327100F28A14 /* AssetCollectionsViewController.swift */ = {isa = PBXFileReference; lastKnownFileType = sourcecode.swift; path = AssetCollectionsViewController.swift; sourceTree = "<group>"; };
		0483A38929DC327100F28A14 /* Assets.xcassets */ = {isa = PBXFileReference; lastKnownFileType = folder.assetcatalog; path = Assets.xcassets; sourceTree = "<group>"; };
		0483A38C29DC327100F28A14 /* Base */ = {isa = PBXFileReference; lastKnownFileType = file.storyboard; name = Base; path = Base.lproj/LaunchScreen.storyboard; sourceTree = "<group>"; };
		0483A38E29DC327100F28A14 /* Info.plist */ = {isa = PBXFileReference; lastKnownFileType = text.plist.xml; path = Info.plist; sourceTree = "<group>"; };
		0483A39329DC327200F28A14 /* AssetCollectionsAppTests.xctest */ = {isa = PBXFileReference; explicitFileType = wrapper.cfbundle; includeInIndex = 0; path = AssetCollectionsAppTests.xctest; sourceTree = BUILT_PRODUCTS_DIR; };
		0483A39729DC327200F28A14 /* AssetCollectionsAppTests.swift */ = {isa = PBXFileReference; lastKnownFileType = sourcecode.swift; path = AssetCollectionsAppTests.swift; sourceTree = "<group>"; };
		0483A39D29DC327200F28A14 /* AssetCollectionsAppUITests.xctest */ = {isa = PBXFileReference; explicitFileType = wrapper.cfbundle; includeInIndex = 0; path = AssetCollectionsAppUITests.xctest; sourceTree = BUILT_PRODUCTS_DIR; };
		0483A3A129DC327200F28A14 /* AssetCollectionsAppUITests.swift */ = {isa = PBXFileReference; lastKnownFileType = sourcecode.swift; path = AssetCollectionsAppUITests.swift; sourceTree = "<group>"; };
		0483A3A329DC327200F28A14 /* AssetCollectionsAppUITestsLaunchTests.swift */ = {isa = PBXFileReference; lastKnownFileType = sourcecode.swift; path = AssetCollectionsAppUITestsLaunchTests.swift; sourceTree = "<group>"; };
		0483A3BC29DE788B00F28A14 /* NetworkRequest+Moya.swift */ = {isa = PBXFileReference; lastKnownFileType = sourcecode.swift; path = "NetworkRequest+Moya.swift"; sourceTree = "<group>"; };
		0483A3C029DE79D200F28A14 /* NetworkCancellable.swift */ = {isa = PBXFileReference; lastKnownFileType = sourcecode.swift; path = NetworkCancellable.swift; sourceTree = "<group>"; };
		0483A3C229DE7E4700F28A14 /* DefaultNetworkService+Moya.swift */ = {isa = PBXFileReference; lastKnownFileType = sourcecode.swift; path = "DefaultNetworkService+Moya.swift"; sourceTree = "<group>"; };
		0489A29929DFEEDC0051E538 /* AssetCollectionCell.swift */ = {isa = PBXFileReference; lastKnownFileType = sourcecode.swift; path = AssetCollectionCell.swift; sourceTree = "<group>"; };
		0489A29E29DFF3320051E538 /* UIImageView+Nuke.swift */ = {isa = PBXFileReference; lastKnownFileType = sourcecode.swift; path = "UIImageView+Nuke.swift"; sourceTree = "<group>"; };
		0489A2A629DFF9AF0051E538 /* NSObject+className.swift */ = {isa = PBXFileReference; lastKnownFileType = sourcecode.swift; path = "NSObject+className.swift"; sourceTree = "<group>"; };
/* End PBXFileReference section */

/* Begin PBXFrameworksBuildPhase section */
		0483A37A29DC327100F28A14 /* Frameworks */ = {
			isa = PBXFrameworksBuildPhase;
			buildActionMask = 2147483647;
			files = (
				0483A3B229DC359000F28A14 /* Alamofire in Frameworks */,
				0489A29D29DFEF5D0051E538 /* SnapKit in Frameworks */,
				0483A3B529DC37E000F28A14 /* Nuke in Frameworks */,
				0483A3BA29DE77C900F28A14 /* Moya in Frameworks */,
			);
			runOnlyForDeploymentPostprocessing = 0;
		};
		0483A39029DC327200F28A14 /* Frameworks */ = {
			isa = PBXFrameworksBuildPhase;
			buildActionMask = 2147483647;
			files = (
			);
			runOnlyForDeploymentPostprocessing = 0;
		};
		0483A39A29DC327200F28A14 /* Frameworks */ = {
			isa = PBXFrameworksBuildPhase;
			buildActionMask = 2147483647;
			files = (
			);
			runOnlyForDeploymentPostprocessing = 0;
		};
/* End PBXFrameworksBuildPhase section */

/* Begin PBXGroup section */
		0410EBA129E015BF0092B543 /* SafariViewController */ = {
			isa = PBXGroup;
			children = (
				0410EBA229E015DF0092B543 /* SafariViewController.swift */,
			);
			path = SafariViewController;
			sourceTree = "<group>";
		};
		0410EBA429E2B1FD0092B543 /* Coordinator */ = {
			isa = PBXGroup;
			children = (
				0410EBA529E2B21D0092B543 /* AssetCollectionCoordinator.swift */,
				0410EBA729E2B7C00092B543 /* RootCoordinator.swift */,
				0410EBA929E2BD820092B543 /* AssetDetailCoordinator.swift */,
			);
			path = Coordinator;
			sourceTree = "<group>";
		};
		041EEF8829DFEE6B0001FD35 /* View */ = {
			isa = PBXGroup;
			children = (
				0489A29929DFEEDC0051E538 /* AssetCollectionCell.swift */,
			);
			path = View;
			sourceTree = "<group>";
		};
		047D169829DFD045000F92E7 /* AssetCollections */ = {
			isa = PBXGroup;
			children = (
				041EEF8829DFEE6B0001FD35 /* View */,
				047D169029DEDD9E000F92E7 /* AssetCollectionsRequest.swift */,
				047D169929DFD077000F92E7 /* AssetCollectionsEntity.swift */,
				047D169D29DFDA21000F92E7 /* AssetCollectionsModel.swift */,
				047D16A329DFDC1B000F92E7 /* AssetCollections+ExtensionWrapper.swift */,
				047D16A529DFDDA6000F92E7 /* AssetCollectionsInteractorSpec.swift */,
				041EEF8229DFDEDE0001FD35 /* AssetCollectionsInteractor.swift */,
				041EEF8629DFE26A0001FD35 /* AssetCollectionsViewModel.swift */,
			);
			path = AssetCollections;
			sourceTree = "<group>";
		};
		047D169F29DFDB5F000F92E7 /* Extensions */ = {
			isa = PBXGroup;
			children = (
				047D16A129DFDB77000F92E7 /* ExtensionWrapper.swift */,
				0489A29E29DFF3320051E538 /* UIImageView+Nuke.swift */,
				0489A2A629DFF9AF0051E538 /* NSObject+className.swift */,
			);
			path = Extensions;
			sourceTree = "<group>";
		};
		0483A37429DC327100F28A14 = {
			isa = PBXGroup;
			children = (
				0483A37F29DC327100F28A14 /* AssetCollectionsApp */,
				0483A39629DC327200F28A14 /* AssetCollectionsAppTests */,
				0483A3A029DC327200F28A14 /* AssetCollectionsAppUITests */,
				0483A37E29DC327100F28A14 /* Products */,
			);
			sourceTree = "<group>";
		};
		0483A37E29DC327100F28A14 /* Products */ = {
			isa = PBXGroup;
			children = (
				0483A37D29DC327100F28A14 /* AssetCollectionsApp.app */,
				0483A39329DC327200F28A14 /* AssetCollectionsAppTests.xctest */,
				0483A39D29DC327200F28A14 /* AssetCollectionsAppUITests.xctest */,
			);
			name = Products;
			sourceTree = "<group>";
		};
		0483A37F29DC327100F28A14 /* AssetCollectionsApp */ = {
			isa = PBXGroup;
			children = (
				0410EBA429E2B1FD0092B543 /* Coordinator */,
				0410EBA129E015BF0092B543 /* SafariViewController */,
				0489A2A829E00D730051E538 /* AssetDetail */,
				047D169F29DFDB5F000F92E7 /* Extensions */,
				047D169829DFD045000F92E7 /* AssetCollections */,
				0483A3BB29DE782C00F28A14 /* Network */,
				0483A38029DC327100F28A14 /* AppDelegate.swift */,
				0483A38229DC327100F28A14 /* SceneDelegate.swift */,
				0483A38429DC327100F28A14 /* AssetCollectionsViewController.swift */,
				0483A38929DC327100F28A14 /* Assets.xcassets */,
				0483A38B29DC327100F28A14 /* LaunchScreen.storyboard */,
				0483A38E29DC327100F28A14 /* Info.plist */,
			);
			path = AssetCollectionsApp;
			sourceTree = "<group>";
		};
		0483A39629DC327200F28A14 /* AssetCollectionsAppTests */ = {
			isa = PBXGroup;
			children = (
				0483A39729DC327200F28A14 /* AssetCollectionsAppTests.swift */,
			);
			path = AssetCollectionsAppTests;
			sourceTree = "<group>";
		};
		0483A3A029DC327200F28A14 /* AssetCollectionsAppUITests */ = {
			isa = PBXGroup;
			children = (
				0483A3A129DC327200F28A14 /* AssetCollectionsAppUITests.swift */,
				0483A3A329DC327200F28A14 /* AssetCollectionsAppUITestsLaunchTests.swift */,
			);
			path = AssetCollectionsAppUITests;
			sourceTree = "<group>";
		};
		0483A3BB29DE782C00F28A14 /* Network */ = {
			isa = PBXGroup;
			children = (
				0483A3BC29DE788B00F28A14 /* NetworkRequest+Moya.swift */,
				0483A3C029DE79D200F28A14 /* NetworkCancellable.swift */,
				0483A3C229DE7E4700F28A14 /* DefaultNetworkService+Moya.swift */,
				047D168C29DEDAA5000F92E7 /* NetworkService.swift */,
				047D169629DF10D5000F92E7 /* ServiceError.swift */,
			);
			path = Network;
			sourceTree = "<group>";
		};
		0489A2A829E00D730051E538 /* AssetDetail */ = {
			isa = PBXGroup;
			children = (
				0410EB9B29E00DAA0092B543 /* AssetDetailViewController.swift */,
				0410EB9D29E010140092B543 /* AssetDetailViewModel.swift */,
			);
			path = AssetDetail;
			sourceTree = "<group>";
		};
/* End PBXGroup section */

/* Begin PBXNativeTarget section */
		0483A37C29DC327100F28A14 /* AssetCollectionsApp */ = {
			isa = PBXNativeTarget;
			buildConfigurationList = 0483A3A729DC327200F28A14 /* Build configuration list for PBXNativeTarget "AssetCollectionsApp" */;
			buildPhases = (
				0483A37929DC327100F28A14 /* Sources */,
				0483A37A29DC327100F28A14 /* Frameworks */,
				0483A37B29DC327100F28A14 /* Resources */,
			);
			buildRules = (
			);
			dependencies = (
			);
			name = AssetCollectionsApp;
			packageProductDependencies = (
				0483A3B129DC359000F28A14 /* Alamofire */,
				0483A3B429DC37E000F28A14 /* Nuke */,
				0483A3B929DE77C900F28A14 /* Moya */,
				0489A29C29DFEF5D0051E538 /* SnapKit */,
			);
			productName = AssetCollectionsApp;
			productReference = 0483A37D29DC327100F28A14 /* AssetCollectionsApp.app */;
			productType = "com.apple.product-type.application";
		};
		0483A39229DC327200F28A14 /* AssetCollectionsAppTests */ = {
			isa = PBXNativeTarget;
			buildConfigurationList = 0483A3AA29DC327200F28A14 /* Build configuration list for PBXNativeTarget "AssetCollectionsAppTests" */;
			buildPhases = (
				0483A38F29DC327200F28A14 /* Sources */,
				0483A39029DC327200F28A14 /* Frameworks */,
				0483A39129DC327200F28A14 /* Resources */,
			);
			buildRules = (
			);
			dependencies = (
				0483A39529DC327200F28A14 /* PBXTargetDependency */,
			);
			name = AssetCollectionsAppTests;
			productName = AssetCollectionsAppTests;
			productReference = 0483A39329DC327200F28A14 /* AssetCollectionsAppTests.xctest */;
			productType = "com.apple.product-type.bundle.unit-test";
		};
		0483A39C29DC327200F28A14 /* AssetCollectionsAppUITests */ = {
			isa = PBXNativeTarget;
			buildConfigurationList = 0483A3AD29DC327200F28A14 /* Build configuration list for PBXNativeTarget "AssetCollectionsAppUITests" */;
			buildPhases = (
				0483A39929DC327200F28A14 /* Sources */,
				0483A39A29DC327200F28A14 /* Frameworks */,
				0483A39B29DC327200F28A14 /* Resources */,
			);
			buildRules = (
			);
			dependencies = (
				0483A39F29DC327200F28A14 /* PBXTargetDependency */,
			);
			name = AssetCollectionsAppUITests;
			productName = AssetCollectionsAppUITests;
			productReference = 0483A39D29DC327200F28A14 /* AssetCollectionsAppUITests.xctest */;
			productType = "com.apple.product-type.bundle.ui-testing";
		};
/* End PBXNativeTarget section */

/* Begin PBXProject section */
		0483A37529DC327100F28A14 /* Project object */ = {
			isa = PBXProject;
			attributes = {
				BuildIndependentTargetsInParallel = 1;
				LastSwiftUpdateCheck = 1340;
				LastUpgradeCheck = 1340;
				TargetAttributes = {
					0483A37C29DC327100F28A14 = {
						CreatedOnToolsVersion = 13.4.1;
					};
					0483A39229DC327200F28A14 = {
						CreatedOnToolsVersion = 13.4.1;
						TestTargetID = 0483A37C29DC327100F28A14;
					};
					0483A39C29DC327200F28A14 = {
						CreatedOnToolsVersion = 13.4.1;
						TestTargetID = 0483A37C29DC327100F28A14;
					};
				};
			};
			buildConfigurationList = 0483A37829DC327100F28A14 /* Build configuration list for PBXProject "AssetCollectionsApp" */;
			compatibilityVersion = "Xcode 13.0";
			developmentRegion = en;
			hasScannedForEncodings = 0;
			knownRegions = (
				en,
				Base,
			);
			mainGroup = 0483A37429DC327100F28A14;
			packageReferences = (
				0483A3B029DC359000F28A14 /* XCRemoteSwiftPackageReference "Alamofire" */,
				0483A3B329DC37E000F28A14 /* XCRemoteSwiftPackageReference "Nuke" */,
				0483A3B829DE77C800F28A14 /* XCRemoteSwiftPackageReference "Moya" */,
				0489A29B29DFEF5D0051E538 /* XCRemoteSwiftPackageReference "SnapKit" */,
			);
			productRefGroup = 0483A37E29DC327100F28A14 /* Products */;
			projectDirPath = "";
			projectRoot = "";
			targets = (
				0483A37C29DC327100F28A14 /* AssetCollectionsApp */,
				0483A39229DC327200F28A14 /* AssetCollectionsAppTests */,
				0483A39C29DC327200F28A14 /* AssetCollectionsAppUITests */,
			);
		};
/* End PBXProject section */

/* Begin PBXResourcesBuildPhase section */
		0483A37B29DC327100F28A14 /* Resources */ = {
			isa = PBXResourcesBuildPhase;
			buildActionMask = 2147483647;
			files = (
				0483A38D29DC327100F28A14 /* LaunchScreen.storyboard in Resources */,
				0483A38A29DC327100F28A14 /* Assets.xcassets in Resources */,
			);
			runOnlyForDeploymentPostprocessing = 0;
		};
		0483A39129DC327200F28A14 /* Resources */ = {
			isa = PBXResourcesBuildPhase;
			buildActionMask = 2147483647;
			files = (
			);
			runOnlyForDeploymentPostprocessing = 0;
		};
		0483A39B29DC327200F28A14 /* Resources */ = {
			isa = PBXResourcesBuildPhase;
			buildActionMask = 2147483647;
			files = (
			);
			runOnlyForDeploymentPostprocessing = 0;
		};
/* End PBXResourcesBuildPhase section */

/* Begin PBXSourcesBuildPhase section */
		0483A37929DC327100F28A14 /* Sources */ = {
			isa = PBXSourcesBuildPhase;
			buildActionMask = 2147483647;
			files = (
				0483A3C129DE79D200F28A14 /* NetworkCancellable.swift in Sources */,
				0410EBA329E015DF0092B543 /* SafariViewController.swift in Sources */,
				0483A38529DC327100F28A14 /* AssetCollectionsViewController.swift in Sources */,
				0483A3C329DE7E4700F28A14 /* DefaultNetworkService+Moya.swift in Sources */,
				047D169A29DFD077000F92E7 /* AssetCollectionsEntity.swift in Sources */,
				0483A38129DC327100F28A14 /* AppDelegate.swift in Sources */,
				041EEF8729DFE26A0001FD35 /* AssetCollectionsViewModel.swift in Sources */,
				0483A3BD29DE788C00F28A14 /* NetworkRequest+Moya.swift in Sources */,
				0489A2A729DFF9AF0051E538 /* NSObject+className.swift in Sources */,
				0410EB9C29E00DAA0092B543 /* AssetDetailViewController.swift in Sources */,
				0410EBAA29E2BD820092B543 /* AssetDetailCoordinator.swift in Sources */,
				047D169E29DFDA21000F92E7 /* AssetCollectionsModel.swift in Sources */,
				047D169129DEDD9E000F92E7 /* AssetCollectionsRequest.swift in Sources */,
				0489A29A29DFEEDC0051E538 /* AssetCollectionCell.swift in Sources */,
				047D16A629DFDDA6000F92E7 /* AssetCollectionsInteractorSpec.swift in Sources */,
				047D169729DF10D5000F92E7 /* ServiceError.swift in Sources */,
				0483A38329DC327100F28A14 /* SceneDelegate.swift in Sources */,
				0410EBA829E2B7C00092B543 /* RootCoordinator.swift in Sources */,
				047D168D29DEDAA5000F92E7 /* NetworkService.swift in Sources */,
				0410EBA629E2B21D0092B543 /* AssetCollectionCoordinator.swift in Sources */,
				041EEF8329DFDEDE0001FD35 /* AssetCollectionsInteractor.swift in Sources */,
				047D16A429DFDC1B000F92E7 /* AssetCollections+ExtensionWrapper.swift in Sources */,
				047D16A229DFDB77000F92E7 /* ExtensionWrapper.swift in Sources */,
				0489A29F29DFF3320051E538 /* UIImageView+Nuke.swift in Sources */,
				0410EB9E29E010140092B543 /* AssetDetailViewModel.swift in Sources */,
			);
			runOnlyForDeploymentPostprocessing = 0;
		};
		0483A38F29DC327200F28A14 /* Sources */ = {
			isa = PBXSourcesBuildPhase;
			buildActionMask = 2147483647;
			files = (
				0483A39829DC327200F28A14 /* AssetCollectionsAppTests.swift in Sources */,
			);
			runOnlyForDeploymentPostprocessing = 0;
		};
		0483A39929DC327200F28A14 /* Sources */ = {
			isa = PBXSourcesBuildPhase;
			buildActionMask = 2147483647;
			files = (
				0483A3A229DC327200F28A14 /* AssetCollectionsAppUITests.swift in Sources */,
				0483A3A429DC327200F28A14 /* AssetCollectionsAppUITestsLaunchTests.swift in Sources */,
			);
			runOnlyForDeploymentPostprocessing = 0;
		};
/* End PBXSourcesBuildPhase section */

/* Begin PBXTargetDependency section */
		0483A39529DC327200F28A14 /* PBXTargetDependency */ = {
			isa = PBXTargetDependency;
			target = 0483A37C29DC327100F28A14 /* AssetCollectionsApp */;
			targetProxy = 0483A39429DC327200F28A14 /* PBXContainerItemProxy */;
		};
		0483A39F29DC327200F28A14 /* PBXTargetDependency */ = {
			isa = PBXTargetDependency;
			target = 0483A37C29DC327100F28A14 /* AssetCollectionsApp */;
			targetProxy = 0483A39E29DC327200F28A14 /* PBXContainerItemProxy */;
		};
/* End PBXTargetDependency section */

/* Begin PBXVariantGroup section */
		0483A38B29DC327100F28A14 /* LaunchScreen.storyboard */ = {
			isa = PBXVariantGroup;
			children = (
				0483A38C29DC327100F28A14 /* Base */,
			);
			name = LaunchScreen.storyboard;
			sourceTree = "<group>";
		};
/* End PBXVariantGroup section */

/* Begin XCBuildConfiguration section */
		0483A3A529DC327200F28A14 /* Debug */ = {
			isa = XCBuildConfiguration;
			buildSettings = {
				ALWAYS_SEARCH_USER_PATHS = NO;
				CLANG_ANALYZER_NONNULL = YES;
				CLANG_ANALYZER_NUMBER_OBJECT_CONVERSION = YES_AGGRESSIVE;
				CLANG_CXX_LANGUAGE_STANDARD = "gnu++17";
				CLANG_ENABLE_MODULES = YES;
				CLANG_ENABLE_OBJC_ARC = YES;
				CLANG_ENABLE_OBJC_WEAK = YES;
				CLANG_WARN_BLOCK_CAPTURE_AUTORELEASING = YES;
				CLANG_WARN_BOOL_CONVERSION = YES;
				CLANG_WARN_COMMA = YES;
				CLANG_WARN_CONSTANT_CONVERSION = YES;
				CLANG_WARN_DEPRECATED_OBJC_IMPLEMENTATIONS = YES;
				CLANG_WARN_DIRECT_OBJC_ISA_USAGE = YES_ERROR;
				CLANG_WARN_DOCUMENTATION_COMMENTS = YES;
				CLANG_WARN_EMPTY_BODY = YES;
				CLANG_WARN_ENUM_CONVERSION = YES;
				CLANG_WARN_INFINITE_RECURSION = YES;
				CLANG_WARN_INT_CONVERSION = YES;
				CLANG_WARN_NON_LITERAL_NULL_CONVERSION = YES;
				CLANG_WARN_OBJC_IMPLICIT_RETAIN_SELF = YES;
				CLANG_WARN_OBJC_LITERAL_CONVERSION = YES;
				CLANG_WARN_OBJC_ROOT_CLASS = YES_ERROR;
				CLANG_WARN_QUOTED_INCLUDE_IN_FRAMEWORK_HEADER = YES;
				CLANG_WARN_RANGE_LOOP_ANALYSIS = YES;
				CLANG_WARN_STRICT_PROTOTYPES = YES;
				CLANG_WARN_SUSPICIOUS_MOVE = YES;
				CLANG_WARN_UNGUARDED_AVAILABILITY = YES_AGGRESSIVE;
				CLANG_WARN_UNREACHABLE_CODE = YES;
				CLANG_WARN__DUPLICATE_METHOD_MATCH = YES;
				COPY_PHASE_STRIP = NO;
				DEBUG_INFORMATION_FORMAT = dwarf;
				ENABLE_STRICT_OBJC_MSGSEND = YES;
				ENABLE_TESTABILITY = YES;
				GCC_C_LANGUAGE_STANDARD = gnu11;
				GCC_DYNAMIC_NO_PIC = NO;
				GCC_NO_COMMON_BLOCKS = YES;
				GCC_OPTIMIZATION_LEVEL = 0;
				GCC_PREPROCESSOR_DEFINITIONS = (
					"DEBUG=1",
					"$(inherited)",
				);
				GCC_WARN_64_TO_32_BIT_CONVERSION = YES;
				GCC_WARN_ABOUT_RETURN_TYPE = YES_ERROR;
				GCC_WARN_UNDECLARED_SELECTOR = YES;
				GCC_WARN_UNINITIALIZED_AUTOS = YES_AGGRESSIVE;
				GCC_WARN_UNUSED_FUNCTION = YES;
				GCC_WARN_UNUSED_VARIABLE = YES;
				IPHONEOS_DEPLOYMENT_TARGET = 15.5;
				MTL_ENABLE_DEBUG_INFO = INCLUDE_SOURCE;
				MTL_FAST_MATH = YES;
				ONLY_ACTIVE_ARCH = YES;
				SDKROOT = iphoneos;
				SWIFT_ACTIVE_COMPILATION_CONDITIONS = DEBUG;
				SWIFT_OPTIMIZATION_LEVEL = "-Onone";
			};
			name = Debug;
		};
		0483A3A629DC327200F28A14 /* Release */ = {
			isa = XCBuildConfiguration;
			buildSettings = {
				ALWAYS_SEARCH_USER_PATHS = NO;
				CLANG_ANALYZER_NONNULL = YES;
				CLANG_ANALYZER_NUMBER_OBJECT_CONVERSION = YES_AGGRESSIVE;
				CLANG_CXX_LANGUAGE_STANDARD = "gnu++17";
				CLANG_ENABLE_MODULES = YES;
				CLANG_ENABLE_OBJC_ARC = YES;
				CLANG_ENABLE_OBJC_WEAK = YES;
				CLANG_WARN_BLOCK_CAPTURE_AUTORELEASING = YES;
				CLANG_WARN_BOOL_CONVERSION = YES;
				CLANG_WARN_COMMA = YES;
				CLANG_WARN_CONSTANT_CONVERSION = YES;
				CLANG_WARN_DEPRECATED_OBJC_IMPLEMENTATIONS = YES;
				CLANG_WARN_DIRECT_OBJC_ISA_USAGE = YES_ERROR;
				CLANG_WARN_DOCUMENTATION_COMMENTS = YES;
				CLANG_WARN_EMPTY_BODY = YES;
				CLANG_WARN_ENUM_CONVERSION = YES;
				CLANG_WARN_INFINITE_RECURSION = YES;
				CLANG_WARN_INT_CONVERSION = YES;
				CLANG_WARN_NON_LITERAL_NULL_CONVERSION = YES;
				CLANG_WARN_OBJC_IMPLICIT_RETAIN_SELF = YES;
				CLANG_WARN_OBJC_LITERAL_CONVERSION = YES;
				CLANG_WARN_OBJC_ROOT_CLASS = YES_ERROR;
				CLANG_WARN_QUOTED_INCLUDE_IN_FRAMEWORK_HEADER = YES;
				CLANG_WARN_RANGE_LOOP_ANALYSIS = YES;
				CLANG_WARN_STRICT_PROTOTYPES = YES;
				CLANG_WARN_SUSPICIOUS_MOVE = YES;
				CLANG_WARN_UNGUARDED_AVAILABILITY = YES_AGGRESSIVE;
				CLANG_WARN_UNREACHABLE_CODE = YES;
				CLANG_WARN__DUPLICATE_METHOD_MATCH = YES;
				COPY_PHASE_STRIP = NO;
				DEBUG_INFORMATION_FORMAT = "dwarf-with-dsym";
				ENABLE_NS_ASSERTIONS = NO;
				ENABLE_STRICT_OBJC_MSGSEND = YES;
				GCC_C_LANGUAGE_STANDARD = gnu11;
				GCC_NO_COMMON_BLOCKS = YES;
				GCC_WARN_64_TO_32_BIT_CONVERSION = YES;
				GCC_WARN_ABOUT_RETURN_TYPE = YES_ERROR;
				GCC_WARN_UNDECLARED_SELECTOR = YES;
				GCC_WARN_UNINITIALIZED_AUTOS = YES_AGGRESSIVE;
				GCC_WARN_UNUSED_FUNCTION = YES;
				GCC_WARN_UNUSED_VARIABLE = YES;
				IPHONEOS_DEPLOYMENT_TARGET = 15.5;
				MTL_ENABLE_DEBUG_INFO = NO;
				MTL_FAST_MATH = YES;
				SDKROOT = iphoneos;
				SWIFT_COMPILATION_MODE = wholemodule;
				SWIFT_OPTIMIZATION_LEVEL = "-O";
				VALIDATE_PRODUCT = YES;
			};
			name = Release;
		};
		0483A3A829DC327200F28A14 /* Debug */ = {
			isa = XCBuildConfiguration;
			buildSettings = {
				ASSETCATALOG_COMPILER_APPICON_NAME = AppIcon;
				ASSETCATALOG_COMPILER_GLOBAL_ACCENT_COLOR_NAME = AccentColor;
				CODE_SIGN_STYLE = Automatic;
				CURRENT_PROJECT_VERSION = 1;
				DEVELOPMENT_TEAM = Y2WQVV8TP4;
				GENERATE_INFOPLIST_FILE = YES;
				INFOPLIST_FILE = AssetCollectionsApp/Info.plist;
				INFOPLIST_KEY_UIApplicationSupportsIndirectInputEvents = YES;
				INFOPLIST_KEY_UILaunchStoryboardName = LaunchScreen;
				INFOPLIST_KEY_UISupportedInterfaceOrientations_iPad = "UIInterfaceOrientationPortrait UIInterfaceOrientationPortraitUpsideDown UIInterfaceOrientationLandscapeLeft UIInterfaceOrientationLandscapeRight";
				INFOPLIST_KEY_UISupportedInterfaceOrientations_iPhone = "UIInterfaceOrientationPortrait UIInterfaceOrientationLandscapeLeft UIInterfaceOrientationLandscapeRight";
				LD_RUNPATH_SEARCH_PATHS = (
					"$(inherited)",
					"@executable_path/Frameworks",
				);
				MARKETING_VERSION = 1.0;
				PRODUCT_BUNDLE_IDENTIFIER = com.ciao.AssetCollectionsApp;
				PRODUCT_NAME = "$(TARGET_NAME)";
				SWIFT_EMIT_LOC_STRINGS = YES;
				SWIFT_VERSION = 5.0;
				TARGETED_DEVICE_FAMILY = "1,2";
			};
			name = Debug;
		};
		0483A3A929DC327200F28A14 /* Release */ = {
			isa = XCBuildConfiguration;
			buildSettings = {
				ASSETCATALOG_COMPILER_APPICON_NAME = AppIcon;
				ASSETCATALOG_COMPILER_GLOBAL_ACCENT_COLOR_NAME = AccentColor;
				CODE_SIGN_STYLE = Automatic;
				CURRENT_PROJECT_VERSION = 1;
				DEVELOPMENT_TEAM = Y2WQVV8TP4;
				GENERATE_INFOPLIST_FILE = YES;
				INFOPLIST_FILE = AssetCollectionsApp/Info.plist;
				INFOPLIST_KEY_UIApplicationSupportsIndirectInputEvents = YES;
				INFOPLIST_KEY_UILaunchStoryboardName = LaunchScreen;
				INFOPLIST_KEY_UISupportedInterfaceOrientations_iPad = "UIInterfaceOrientationPortrait UIInterfaceOrientationPortraitUpsideDown UIInterfaceOrientationLandscapeLeft UIInterfaceOrientationLandscapeRight";
				INFOPLIST_KEY_UISupportedInterfaceOrientations_iPhone = "UIInterfaceOrientationPortrait UIInterfaceOrientationLandscapeLeft UIInterfaceOrientationLandscapeRight";
				LD_RUNPATH_SEARCH_PATHS = (
					"$(inherited)",
					"@executable_path/Frameworks",
				);
				MARKETING_VERSION = 1.0;
				PRODUCT_BUNDLE_IDENTIFIER = com.ciao.AssetCollectionsApp;
				PRODUCT_NAME = "$(TARGET_NAME)";
				SWIFT_EMIT_LOC_STRINGS = YES;
				SWIFT_VERSION = 5.0;
				TARGETED_DEVICE_FAMILY = "1,2";
			};
			name = Release;
		};
		0483A3AB29DC327200F28A14 /* Debug */ = {
			isa = XCBuildConfiguration;
			buildSettings = {
				ALWAYS_EMBED_SWIFT_STANDARD_LIBRARIES = YES;
				BUNDLE_LOADER = "$(TEST_HOST)";
				CODE_SIGN_STYLE = Automatic;
				CURRENT_PROJECT_VERSION = 1;
				DEVELOPMENT_TEAM = Y2WQVV8TP4;
				GENERATE_INFOPLIST_FILE = YES;
				IPHONEOS_DEPLOYMENT_TARGET = 15.5;
				MARKETING_VERSION = 1.0;
				PRODUCT_BUNDLE_IDENTIFIER = com.ciao.AssetCollectionsAppTests;
				PRODUCT_NAME = "$(TARGET_NAME)";
				SWIFT_EMIT_LOC_STRINGS = NO;
				SWIFT_VERSION = 5.0;
				TARGETED_DEVICE_FAMILY = "1,2";
				TEST_HOST = "$(BUILT_PRODUCTS_DIR)/AssetCollectionsApp.app/AssetCollectionsApp";
			};
			name = Debug;
		};
		0483A3AC29DC327200F28A14 /* Release */ = {
			isa = XCBuildConfiguration;
			buildSettings = {
				ALWAYS_EMBED_SWIFT_STANDARD_LIBRARIES = YES;
				BUNDLE_LOADER = "$(TEST_HOST)";
				CODE_SIGN_STYLE = Automatic;
				CURRENT_PROJECT_VERSION = 1;
				DEVELOPMENT_TEAM = Y2WQVV8TP4;
				GENERATE_INFOPLIST_FILE = YES;
				IPHONEOS_DEPLOYMENT_TARGET = 15.5;
				MARKETING_VERSION = 1.0;
				PRODUCT_BUNDLE_IDENTIFIER = com.ciao.AssetCollectionsAppTests;
				PRODUCT_NAME = "$(TARGET_NAME)";
				SWIFT_EMIT_LOC_STRINGS = NO;
				SWIFT_VERSION = 5.0;
				TARGETED_DEVICE_FAMILY = "1,2";
				TEST_HOST = "$(BUILT_PRODUCTS_DIR)/AssetCollectionsApp.app/AssetCollectionsApp";
			};
			name = Release;
		};
		0483A3AE29DC327200F28A14 /* Debug */ = {
			isa = XCBuildConfiguration;
			buildSettings = {
				ALWAYS_EMBED_SWIFT_STANDARD_LIBRARIES = YES;
				CODE_SIGN_STYLE = Automatic;
				CURRENT_PROJECT_VERSION = 1;
				DEVELOPMENT_TEAM = VFY8KVUWP9;
				GENERATE_INFOPLIST_FILE = YES;
				MARKETING_VERSION = 1.0;
				PRODUCT_BUNDLE_IDENTIFIER = com.ciao.AssetCollectionsAppUITests;
				PRODUCT_NAME = "$(TARGET_NAME)";
				SWIFT_EMIT_LOC_STRINGS = NO;
				SWIFT_VERSION = 5.0;
				TARGETED_DEVICE_FAMILY = "1,2";
				TEST_TARGET_NAME = AssetCollectionsApp;
			};
			name = Debug;
		};
		0483A3AF29DC327200F28A14 /* Release */ = {
			isa = XCBuildConfiguration;
			buildSettings = {
				ALWAYS_EMBED_SWIFT_STANDARD_LIBRARIES = YES;
				CODE_SIGN_STYLE = Automatic;
				CURRENT_PROJECT_VERSION = 1;
				DEVELOPMENT_TEAM = VFY8KVUWP9;
				GENERATE_INFOPLIST_FILE = YES;
				MARKETING_VERSION = 1.0;
				PRODUCT_BUNDLE_IDENTIFIER = com.ciao.AssetCollectionsAppUITests;
				PRODUCT_NAME = "$(TARGET_NAME)";
				SWIFT_EMIT_LOC_STRINGS = NO;
				SWIFT_VERSION = 5.0;
				TARGETED_DEVICE_FAMILY = "1,2";
				TEST_TARGET_NAME = AssetCollectionsApp;
			};
			name = Release;
		};
/* End XCBuildConfiguration section */

/* Begin XCConfigurationList section */
		0483A37829DC327100F28A14 /* Build configuration list for PBXProject "AssetCollectionsApp" */ = {
			isa = XCConfigurationList;
			buildConfigurations = (
				0483A3A529DC327200F28A14 /* Debug */,
				0483A3A629DC327200F28A14 /* Release */,
			);
			defaultConfigurationIsVisible = 0;
			defaultConfigurationName = Release;
		};
		0483A3A729DC327200F28A14 /* Build configuration list for PBXNativeTarget "AssetCollectionsApp" */ = {
			isa = XCConfigurationList;
			buildConfigurations = (
				0483A3A829DC327200F28A14 /* Debug */,
				0483A3A929DC327200F28A14 /* Release */,
			);
			defaultConfigurationIsVisible = 0;
			defaultConfigurationName = Release;
		};
		0483A3AA29DC327200F28A14 /* Build configuration list for PBXNativeTarget "AssetCollectionsAppTests" */ = {
			isa = XCConfigurationList;
			buildConfigurations = (
				0483A3AB29DC327200F28A14 /* Debug */,
				0483A3AC29DC327200F28A14 /* Release */,
			);
			defaultConfigurationIsVisible = 0;
			defaultConfigurationName = Release;
		};
		0483A3AD29DC327200F28A14 /* Build configuration list for PBXNativeTarget "AssetCollectionsAppUITests" */ = {
			isa = XCConfigurationList;
			buildConfigurations = (
				0483A3AE29DC327200F28A14 /* Debug */,
				0483A3AF29DC327200F28A14 /* Release */,
			);
			defaultConfigurationIsVisible = 0;
			defaultConfigurationName = Release;
		};
/* End XCConfigurationList section */

/* Begin XCRemoteSwiftPackageReference section */
		0483A3B029DC359000F28A14 /* XCRemoteSwiftPackageReference "Alamofire" */ = {
			isa = XCRemoteSwiftPackageReference;
			repositoryURL = "https://github.com/Alamofire/Alamofire";
			requirement = {
				kind = upToNextMajorVersion;
				minimumVersion = 5.0.0;
			};
		};
		0483A3B329DC37E000F28A14 /* XCRemoteSwiftPackageReference "Nuke" */ = {
			isa = XCRemoteSwiftPackageReference;
			repositoryURL = "https://github.com/kean/Nuke";
			requirement = {
				kind = upToNextMajorVersion;
				minimumVersion = 9.0.0;
			};
		};
		0483A3B829DE77C800F28A14 /* XCRemoteSwiftPackageReference "Moya" */ = {
			isa = XCRemoteSwiftPackageReference;
			repositoryURL = "https://github.com/Moya/Moya.git";
			requirement = {
				kind = exactVersion;
				version = 15.0.0;
			};
		};
		0489A29B29DFEF5D0051E538 /* XCRemoteSwiftPackageReference "SnapKit" */ = {
			isa = XCRemoteSwiftPackageReference;
			repositoryURL = "https://github.com/SnapKit/SnapKit";
			requirement = {
				kind = upToNextMajorVersion;
				minimumVersion = 5.0.0;
			};
		};
/* End XCRemoteSwiftPackageReference section */

/* Begin XCSwiftPackageProductDependency section */
		0483A3B129DC359000F28A14 /* Alamofire */ = {
			isa = XCSwiftPackageProductDependency;
			package = 0483A3B029DC359000F28A14 /* XCRemoteSwiftPackageReference "Alamofire" */;
			productName = Alamofire;
		};
		0483A3B429DC37E000F28A14 /* Nuke */ = {
			isa = XCSwiftPackageProductDependency;
			package = 0483A3B329DC37E000F28A14 /* XCRemoteSwiftPackageReference "Nuke" */;
			productName = Nuke;
		};
		0483A3B929DE77C900F28A14 /* Moya */ = {
			isa = XCSwiftPackageProductDependency;
			package = 0483A3B829DE77C800F28A14 /* XCRemoteSwiftPackageReference "Moya" */;
			productName = Moya;
		};
		0489A29C29DFEF5D0051E538 /* SnapKit */ = {
			isa = XCSwiftPackageProductDependency;
			package = 0489A29B29DFEF5D0051E538 /* XCRemoteSwiftPackageReference "SnapKit" */;
			productName = SnapKit;
		};
/* End XCSwiftPackageProductDependency section */
	};
	rootObject = 0483A37529DC327100F28A14 /* Project object */;
}
